hash: 966d77a7044bcaf375a059ba3748e8db333408a84aa25c7f049c9727984fb775
updated: 2017-04-07T10:04:59.479169999-05:00
imports:
- name: github.com/go-redis/redis
  version: 2cf5af9928978bbef8d1076607022403439e177c
  subpackages:
  - internal
  - internal/consistenthash
  - internal/hashtag
  - internal/pool
  - internal/proto
- name: github.com/Sotera/go_watchman
  version: 6c4c52a4c8d8f8bc068b6debfd52520ba544ec0a
  subpackages:
  - follow_along
  - redis_dispatcher
  - util/collections
- name: golang.org/x/net
  version: f315505cf3349909cdf013ea56690da34e96a451
  subpackages:
  - html
  - html/atom
testImports: []
